
Microsoft Visual Studio Solution File, Format Version 12.00
# Visual Studio 14
VisualStudioVersion = 14.0.25420.1
MinimumVisualStudioVersion = 10.0.40219.1
Project("{FAE04EC0-301F-11D3-BF4B-00C04F79EFBC}") = "LgwAppFrame.form", "LgwAppFrame\LgwAppFrame.form.csproj", "{04EBC58D-5C7C-4DEA-A790-3D08F3A6B0B0}"
EndProject
Project("{2150E333-8FDC-42A3-9474-1A3956D46DE8}") = "client", "client", "{48F4382B-E54C-4FB9-B72D-F57C3A5772EE}"
EndProject
Project("{2150E333-8FDC-42A3-9474-1A3956D46DE8}") = "server", "server", "{AEB608AA-40A2-4238-9474-A1A3F27712F1}"
EndProject
Project("{2150E333-8FDC-42A3-9474-1A3956D46DE8}") = "publice", "publice", "{E233FB3C-C7E2-4DB8-ACEE-A4F34E9EF6A9}"
EndProject
Project("{FAE04EC0-301F-11D3-BF4B-00C04F79EFBC}") = "LgwAppFrame.Code", "LgwAppFrame.Code\LgwAppFrame.Code.csproj", "{89703145-20A7-4CDA-AD28-DBBFEE6842E7}"
EndProject
Project("{2150E333-8FDC-42A3-9474-1A3956D46DE8}") = "01数据层", "01数据层", "{0D229856-ED2C-4998-B4C6-402FA7B92071}"
EndProject
Project("{FAE04EC0-301F-11D3-BF4B-00C04F79EFBC}") = "LgwAppFrame.EFDate", "LgwAppFrame.EFDate\LgwAppFrame.EFDate.csproj", "{B6753A44-F140-4963-8BE9-55BD05AE34C2}"
EndProject
Project("{FAE04EC0-301F-11D3-BF4B-00C04F79EFBC}") = "LgwAppFrame.SocketHelper", "LgwAppFrame.Socket\LgwAppFrame.SocketHelper.csproj", "{73935582-1B84-43F3-8F87-48BDDAB15D7C}"
EndProject
Project("{FAE04EC0-301F-11D3-BF4B-00C04F79EFBC}") = "LgwAppFrame.Server", "LgwAppFrame.Server\LgwAppFrame.Server.csproj", "{129FB4AA-D0EB-445A-88B5-38F07F546579}"
EndProject
Project("{FAE04EC0-301F-11D3-BF4B-00C04F79EFBC}") = "UnitTestProject1", "UnitTestProject1\UnitTestProject1.csproj", "{890487B1-460E-476B-868B-2FB1241374D6}"
EndProject
Project("{FAE04EC0-301F-11D3-BF4B-00C04F79EFBC}") = "LgwAppFrame.Mapping", "LgwAppFrame.Mapping\LgwAppFrame.Mapping.csproj", "{BBDC7525-1CA3-4CA4-A1BA-5893A0C5249B}"
EndProject
Project("{2150E333-8FDC-42A3-9474-1A3956D46DE8}") = "02应用层", "02应用层", "{5054C279-4BCC-4908-9750-86B5B2466E8C}"
EndProject
Project("{2150E333-8FDC-42A3-9474-1A3956D46DE8}") = "03应用界面", "03应用界面", "{4BC04EF2-7F6A-4AE9-9395-F562C17BF4EB}"
EndProject
Project("{FAE04EC0-301F-11D3-BF4B-00C04F79EFBC}") = "LgwAppFrame.Domain", "LgwAppFrame.Domain\LgwAppFrame.Domain.csproj", "{13FBD2B1-EB06-4779-A58C-4D24D2025E0D}"
EndProject
Project("{FAE04EC0-301F-11D3-BF4B-00C04F79EFBC}") = "LgwAppFrame.Repository", "LgwAppFrame.Repository\LgwAppFrame.Repository.csproj", "{6EB58F1C-13B0-4449-84FF-35339ED36D48}"
EndProject
Global
	GlobalSection(SolutionConfigurationPlatforms) = preSolution
		Debug|Any CPU = Debug|Any CPU
		Release|Any CPU = Release|Any CPU
	EndGlobalSection
	GlobalSection(ProjectConfigurationPlatforms) = postSolution
		{04EBC58D-5C7C-4DEA-A790-3D08F3A6B0B0}.Debug|Any CPU.ActiveCfg = Debug|Any CPU
		{04EBC58D-5C7C-4DEA-A790-3D08F3A6B0B0}.Debug|Any CPU.Build.0 = Debug|Any CPU
		{04EBC58D-5C7C-4DEA-A790-3D08F3A6B0B0}.Release|Any CPU.ActiveCfg = Release|Any CPU
		{04EBC58D-5C7C-4DEA-A790-3D08F3A6B0B0}.Release|Any CPU.Build.0 = Release|Any CPU
		{89703145-20A7-4CDA-AD28-DBBFEE6842E7}.Debug|Any CPU.ActiveCfg = Debug|Any CPU
		{89703145-20A7-4CDA-AD28-DBBFEE6842E7}.Debug|Any CPU.Build.0 = Debug|Any CPU
		{89703145-20A7-4CDA-AD28-DBBFEE6842E7}.Release|Any CPU.ActiveCfg = Release|Any CPU
		{89703145-20A7-4CDA-AD28-DBBFEE6842E7}.Release|Any CPU.Build.0 = Release|Any CPU
		{B6753A44-F140-4963-8BE9-55BD05AE34C2}.Debug|Any CPU.ActiveCfg = Debug|Any CPU
		{B6753A44-F140-4963-8BE9-55BD05AE34C2}.Debug|Any CPU.Build.0 = Debug|Any CPU
		{B6753A44-F140-4963-8BE9-55BD05AE34C2}.Release|Any CPU.ActiveCfg = Release|Any CPU
		{B6753A44-F140-4963-8BE9-55BD05AE34C2}.Release|Any CPU.Build.0 = Release|Any CPU
		{73935582-1B84-43F3-8F87-48BDDAB15D7C}.Debug|Any CPU.ActiveCfg = Debug|Any CPU
		{73935582-1B84-43F3-8F87-48BDDAB15D7C}.Debug|Any CPU.Build.0 = Debug|Any CPU
		{73935582-1B84-43F3-8F87-48BDDAB15D7C}.Release|Any CPU.ActiveCfg = Release|Any CPU
		{73935582-1B84-43F3-8F87-48BDDAB15D7C}.Release|Any CPU.Build.0 = Release|Any CPU
		{129FB4AA-D0EB-445A-88B5-38F07F546579}.Debug|Any CPU.ActiveCfg = Debug|Any CPU
		{129FB4AA-D0EB-445A-88B5-38F07F546579}.Debug|Any CPU.Build.0 = Debug|Any CPU
		{129FB4AA-D0EB-445A-88B5-38F07F546579}.Release|Any CPU.ActiveCfg = Release|Any CPU
		{129FB4AA-D0EB-445A-88B5-38F07F546579}.Release|Any CPU.Build.0 = Release|Any CPU
		{890487B1-460E-476B-868B-2FB1241374D6}.Debug|Any CPU.ActiveCfg = Debug|Any CPU
		{890487B1-460E-476B-868B-2FB1241374D6}.Debug|Any CPU.Build.0 = Debug|Any CPU
		{890487B1-460E-476B-868B-2FB1241374D6}.Release|Any CPU.ActiveCfg = Release|Any CPU
		{890487B1-460E-476B-868B-2FB1241374D6}.Release|Any CPU.Build.0 = Release|Any CPU
		{BBDC7525-1CA3-4CA4-A1BA-5893A0C5249B}.Debug|Any CPU.ActiveCfg = Debug|Any CPU
		{BBDC7525-1CA3-4CA4-A1BA-5893A0C5249B}.Debug|Any CPU.Build.0 = Debug|Any CPU
		{BBDC7525-1CA3-4CA4-A1BA-5893A0C5249B}.Release|Any CPU.ActiveCfg = Release|Any CPU
		{BBDC7525-1CA3-4CA4-A1BA-5893A0C5249B}.Release|Any CPU.Build.0 = Release|Any CPU
		{13FBD2B1-EB06-4779-A58C-4D24D2025E0D}.Debug|Any CPU.ActiveCfg = Debug|Any CPU
		{13FBD2B1-EB06-4779-A58C-4D24D2025E0D}.Debug|Any CPU.Build.0 = Debug|Any CPU
		{13FBD2B1-EB06-4779-A58C-4D24D2025E0D}.Release|Any CPU.ActiveCfg = Release|Any CPU
		{13FBD2B1-EB06-4779-A58C-4D24D2025E0D}.Release|Any CPU.Build.0 = Release|Any CPU
		{6EB58F1C-13B0-4449-84FF-35339ED36D48}.Debug|Any CPU.ActiveCfg = Debug|Any CPU
		{6EB58F1C-13B0-4449-84FF-35339ED36D48}.Debug|Any CPU.Build.0 = Debug|Any CPU
		{6EB58F1C-13B0-4449-84FF-35339ED36D48}.Release|Any CPU.ActiveCfg = Release|Any CPU
		{6EB58F1C-13B0-4449-84FF-35339ED36D48}.Release|Any CPU.Build.0 = Release|Any CPU
	EndGlobalSection
	GlobalSection(SolutionProperties) = preSolution
		HideSolutionNode = FALSE
	EndGlobalSection
	GlobalSection(NestedProjects) = preSolution
		{04EBC58D-5C7C-4DEA-A790-3D08F3A6B0B0} = {4BC04EF2-7F6A-4AE9-9395-F562C17BF4EB}
		{89703145-20A7-4CDA-AD28-DBBFEE6842E7} = {E233FB3C-C7E2-4DB8-ACEE-A4F34E9EF6A9}
		{0D229856-ED2C-4998-B4C6-402FA7B92071} = {48F4382B-E54C-4FB9-B72D-F57C3A5772EE}
		{B6753A44-F140-4963-8BE9-55BD05AE34C2} = {0D229856-ED2C-4998-B4C6-402FA7B92071}
		{73935582-1B84-43F3-8F87-48BDDAB15D7C} = {E233FB3C-C7E2-4DB8-ACEE-A4F34E9EF6A9}
		{129FB4AA-D0EB-445A-88B5-38F07F546579} = {AEB608AA-40A2-4238-9474-A1A3F27712F1}
		{BBDC7525-1CA3-4CA4-A1BA-5893A0C5249B} = {5054C279-4BCC-4908-9750-86B5B2466E8C}
		{5054C279-4BCC-4908-9750-86B5B2466E8C} = {48F4382B-E54C-4FB9-B72D-F57C3A5772EE}
		{4BC04EF2-7F6A-4AE9-9395-F562C17BF4EB} = {48F4382B-E54C-4FB9-B72D-F57C3A5772EE}
		{13FBD2B1-EB06-4779-A58C-4D24D2025E0D} = {5054C279-4BCC-4908-9750-86B5B2466E8C}
		{6EB58F1C-13B0-4449-84FF-35339ED36D48} = {5054C279-4BCC-4908-9750-86B5B2466E8C}
	EndGlobalSection
EndGlobal
